Microsoft Visual Studio Solution File, Format Version 12.00
# Visual Studio Version 17
VisualStudioVersion = 17.5.2.0
MinimumVisualStudioVersion = 10.0.40219.1
Project("{FAE04EC0-301F-11D3-BF4B-00C04F79EFBC}") = "SapVendaDraft", "SapVendaDraft.csproj", "{BDF876AF-63EA-C3F9-9078-804F0871FBDE}"
EndProject
Global
	GlobalSection(SolutionConfigurationPlatforms) = preSolution
		Debug|Any CPU = Debug|Any CPU
		Release|Any CPU = Release|Any CPU
	EndGlobalSection
	GlobalSection(ProjectConfigurationPlatforms) = postSolution
		{BDF876AF-63EA-C3F9-9078-804F0871FBDE}.Debug|Any CPU.ActiveCfg = Debug|Any CPU
		{BDF876AF-63EA-C3F9-9078-804F0871FBDE}.Debug|Any CPU.Build.0 = Debug|Any CPU
		{BDF876AF-63EA-C3F9-9078-804F0871FBDE}.Release|Any CPU.ActiveCfg = Release|Any CPU
		{BDF876AF-63EA-C3F9-9078-804F0871FBDE}.Release|Any CPU.Build.0 = Release|Any CPU
	EndGlobalSection
	GlobalSection(SolutionProperties) = preSolution
		HideSolutionNode = FALSE
	EndGlobalSection
	GlobalSection(ExtensibilityGlobals) = postSolution
		SolutionGuid = {352C514C-FB2C-43CA-B978-E34867544990}
	EndGlobalSection
EndGlobal
